github.com/MHolmes91/mh-blog-theme v0.0.0-20260430132300-93e75fcb765f h1:8rOj/Zw6QUD/8G+0PXBszwvfE5RcxLPBsKWinEOhXRI=
github.com/MHolmes91/mh-blog-theme v0.0.0-20260430132300-93e75fcb765f/go.mod h1:LbtSkwd/xUaS0Fytfag88vgMTuNiTbErNy/GSKM6e+g=
github.com/MHolmes91/mh-blog-theme v0.0.0-20260902015159-7a700f928978 h1:RFuYPW0TpvCOaBzQMFmujKZQ2rG2ylM8McKKQmFUtEo=
github.com/MHolmes91/mh-blog-theme v0.0.0-20260902015159-7a700f928978/go.mod h1:LbtSkwd/xUaS0Fytfag88vgMTuNiTbErNy/GSKM6e+g=
github.com/MHolmes91/mh-blog-theme v0.0.0-20260902033009-18e13e96c05a h1:HoGIe95V+VoxHjjtzfV0vfzHiauJ1MxCM68GptmJUa4=
github.com/MHolmes91/mh-blog-theme v0.0.0-20260902033009-18e13e96c05a/go.mod h1:LbtSkwd/xUaS0Fytfag88vgMTuNiTbErNy/GSKM6e+g=
